
Microsoft Visual Studio Solution File, Format Version 12.00
# Visual Studio Version 17
VisualStudioVersion = 17.9.34616.47
MinimumVisualStudioVersion = 10.0.40219.1
Project("{FAE04EC0-301F-11D3-BF4B-00C04F79EFBC}") = "Sistema_Bancario", "Sistema_Bancario\Sistema_Bancario.csproj", "{9BE73A71-AC13-463B-842E-81AE193A215E}"
EndProject
Global
	GlobalSection(SolutionConfigurationPlatforms) = preSolution
		Debug|Any CPU = Debug|Any CPU
		Release|Any CPU = Release|Any CPU
	EndGlobalSection
	GlobalSection(ProjectConfigurationPlatforms) = postSolution
		{9BE73A71-AC13-463B-842E-81AE193A215E}.Debug|Any CPU.ActiveCfg = Debug|Any CPU
		{9BE73A71-AC13-463B-842E-81AE193A215E}.Debug|Any CPU.Build.0 = Debug|Any CPU
		{9BE73A71-AC13-463B-842E-81AE193A215E}.Release|Any CPU.ActiveCfg = Release|Any CPU
		{9BE73A71-AC13-463B-842E-81AE193A215E}.Release|Any CPU.Build.0 = Release|Any CPU
	EndGlobalSection
	GlobalSection(SolutionProperties) = preSolution
		HideSolutionNode = FALSE
	EndGlobalSection
	GlobalSection(ExtensibilityGlobals) = postSolution
		SolutionGuid = {7C245ADA-273E-48F7-8AF0-17DA4EBF018A}
	EndGlobalSection
EndGlobal
